
Microsoft Visual Studio Solution File, Format Version 12.00
# Visual Studio Version 17
VisualStudioVersion = 17.9.34723.18
MinimumVisualStudioVersion = 10.0.40219.1
Project("{9A19103F-16F7-4668-BE54-9A1E7A4F7556}") = "PaintProject", "PaintProject\PaintProject.csproj", "{14903B07-FE5E-4660-8E4E-BE0414052086}"
EndProject
Project("{9A19103F-16F7-4668-BE54-9A1E7A4F7556}") = "Contact", "Contact\Contact.csproj", "{71BABE5D-EEC8-42C0-A1C4-5692E03E23F2}"
EndProject
Project("{FAE04EC0-301F-11D3-BF4B-00C04F79EFBC}") = "MyLine", "MyLine\MyLine.csproj", "{F4818D78-B7C4-4379-9E29-4386DA7FFA07}"
EndProject
Global
	GlobalSection(SolutionConfigurationPlatforms) = preSolution
		Debug|Any CPU = Debug|Any CPU
		Release|Any CPU = Release|Any CPU
	EndGlobalSection
	GlobalSection(ProjectConfigurationPlatforms) = postSolution
		{14903B07-FE5E-4660-8E4E-BE0414052086}.Debug|Any CPU.ActiveCfg = Debug|Any CPU
		{14903B07-FE5E-4660-8E4E-BE0414052086}.Debug|Any CPU.Build.0 = Debug|Any CPU
		{14903B07-FE5E-4660-8E4E-BE0414052086}.Release|Any CPU.ActiveCfg = Release|Any CPU
		{14903B07-FE5E-4660-8E4E-BE0414052086}.Release|Any CPU.Build.0 = Release|Any CPU
		{71BABE5D-EEC8-42C0-A1C4-5692E03E23F2}.Debug|Any CPU.ActiveCfg = Debug|Any CPU
		{71BABE5D-EEC8-42C0-A1C4-5692E03E23F2}.Debug|Any CPU.Build.0 = Debug|Any CPU
		{71BABE5D-EEC8-42C0-A1C4-5692E03E23F2}.Release|Any CPU.ActiveCfg = Release|Any CPU
		{71BABE5D-EEC8-42C0-A1C4-5692E03E23F2}.Release|Any CPU.Build.0 = Release|Any CPU
		{F4818D78-B7C4-4379-9E29-4386DA7FFA07}.Debug|Any CPU.ActiveCfg = Debug|Any CPU
		{F4818D78-B7C4-4379-9E29-4386DA7FFA07}.Debug|Any CPU.Build.0 = Debug|Any CPU
		{F4818D78-B7C4-4379-9E29-4386DA7FFA07}.Release|Any CPU.ActiveCfg = Release|Any CPU
		{F4818D78-B7C4-4379-9E29-4386DA7FFA07}.Release|Any CPU.Build.0 = Release|Any CPU
	EndGlobalSection
	GlobalSection(SolutionProperties) = preSolution
		HideSolutionNode = FALSE
	EndGlobalSection
	GlobalSection(ExtensibilityGlobals) = postSolution
		SolutionGuid = {86862ABB-3468-4DEC-B0C7-804CD5F62497}
	EndGlobalSection
EndGlobal
